
Microsoft Visual Studio Solution File, Format Version 12.00
# Visual Studio Version 16
VisualStudioVersion = 25.0.1705.4
MinimumVisualStudioVersion = 10.0.40219.1
Project("{FAE04EC0-301F-11D3-BF4B-00C04F79EFBC}") = "Blazor_MultiLanguage", "Blazor_MultiLanguage\Blazor_MultiLanguage.csproj", "{68CF3EEC-ED20-4A40-81F4-2A2E19FAD3F2}"
EndProject
Global
	GlobalSection(SolutionConfigurationPlatforms) = preSolution
		Debug|Any CPU = Debug|Any CPU
		Release|Any CPU = Release|Any CPU
	EndGlobalSection
	GlobalSection(ProjectConfigurationPlatforms) = postSolution
		{68CF3EEC-ED20-4A40-81F4-2A2E19FAD3F2}.Debug|Any CPU.ActiveCfg = Debug|Any CPU
		{68CF3EEC-ED20-4A40-81F4-2A2E19FAD3F2}.Debug|Any CPU.Build.0 = Debug|Any CPU
		{68CF3EEC-ED20-4A40-81F4-2A2E19FAD3F2}.Release|Any CPU.ActiveCfg = Release|Any CPU
		{68CF3EEC-ED20-4A40-81F4-2A2E19FAD3F2}.Release|Any CPU.Build.0 = Release|Any CPU
	EndGlobalSection
	GlobalSection(SolutionProperties) = preSolution
		HideSolutionNode = FALSE
	EndGlobalSection
	GlobalSection(ExtensibilityGlobals) = postSolution
		SolutionGuid = {0C0A1DC2-E34C-41A3-82E0-B838A86462CE}
	EndGlobalSection
EndGlobal
